{
  "dependencies": {
    "webshot": {
      "version": "0.16.0",
      "dependencies": {
        "graceful-fs": {
          "version": "3.0.8"
        },
        "cross-spawn": {
          "version": "0.2.9",
          "dependencies": {
            "lru-cache": {
              "version": "2.7.0"
            }
          }
        },
        "tmp": {
          "version": "0.0.28",
          "dependencies": {
            "os-tmpdir": {
              "version": "1.0.1"
            }
          }
        }
      }
    }
  }
}
